
Microsoft Visual Studio Solution File, Format Version 12.00
# Visual Studio Version 16
VisualStudioVersion = 16.0.31702.278
MinimumVisualStudioVersion = 10.0.40219.1
Project("{FAE04EC0-301F-11D3-BF4B-00C04F79EFBC}") = "VowelOrConsonant", "VowelOrConsonant.csproj", "{12BC914C-E2A3-47E0-A0D5-BC0D0FB41A98}"
EndProject
Global
	GlobalSection(SolutionConfigurationPlatforms) = preSolution
		Debug|Any CPU = Debug|Any CPU
		Release|Any CPU = Release|Any CPU
	EndGlobalSection
	GlobalSection(ProjectConfigurationPlatforms) = postSolution
		{12BC914C-E2A3-47E0-A0D5-BC0D0FB41A98}.Debug|Any CPU.ActiveCfg = Debug|Any CPU
		{12BC914C-E2A3-47E0-A0D5-BC0D0FB41A98}.Debug|Any CPU.Build.0 = Debug|Any CPU
		{12BC914C-E2A3-47E0-A0D5-BC0D0FB41A98}.Release|Any CPU.ActiveCfg = Release|Any CPU
		{12BC914C-E2A3-47E0-A0D5-BC0D0FB41A98}.Release|Any CPU.Build.0 = Release|Any CPU
	EndGlobalSection
	GlobalSection(SolutionProperties) = preSolution
		HideSolutionNode = FALSE
	EndGlobalSection
	GlobalSection(ExtensibilityGlobals) = postSolution
		SolutionGuid = {10D1C7A7-DAD8-451F-BC5D-0E44D2F68FD8}
	EndGlobalSection
EndGlobal
